// !$*UTF8*$!
{
	archiveVersion = 1;
	classes = {
	};
	objectVersion = 46;
	objects = {

/* Begin PBXBuildFile section */
		A11F0B0B1BBD99DF00D26412 /* AppDelegate.swift in Sources */ = {isa = PBXBuildFile; fileRef = A11F0B0A1BBD99DF00D26412 /* AppDelegate.swift */; };
		A11F0B0D1BBD99E000D26412 /* ViewController.swift in Sources */ = {isa = PBXBuildFile; fileRef = A11F0B0C1BBD99E000D26412 /* ViewController.swift */; };
		A11F0B101BBD99E000D26412 /* Main.storyboard in Resources */ = {isa = PBXBuildFile; fileRef = A11F0B0E1BBD99E000D26412 /* Main.storyboard */; };
		A11F0B121BBD99E000D26412 /* Assets.xcassets in Resources */ = {isa = PBXBuildFile; fileRef = A11F0B111BBD99E000D26412 /* Assets.xcassets */; };
		A11F0B151BBD99E000D26412 /* LaunchScreen.storyboard in Resources */ = {isa = PBXBuildFile; fileRef = A11F0B131BBD99E000D26412 /* LaunchScreen.storyboard */; };
		A11F0B201BBD99E100D26412 /* WhackAMoleTests.swift in Sources */ = {isa = PBXBuildFile; fileRef = A11F0B1F1BBD99E100D26412 /* WhackAMoleTests.swift */; };
		A11F0B2B1BBD99E200D26412 /* WhackAMoleUITests.swift in Sources */ = {isa = PBXBuildFile; fileRef = A11F0B2A1BBD99E200D26412 /* WhackAMoleUITests.swift */; };
/* End PBXBuildFile section */

/* Begin PBXContainerItemProxy section */
		A11F0B1C1BBD99E100D26412 /* PBXContainerItemProxy */ = {
			isa = PBXContainerItemProxy;
			containerPortal = A11F0AFF1BBD99DF00D26412 /* Project object */;
			proxyType = 1;
			remoteGlobalIDString = A11F0B061BBD99DF00D26412;
			remoteInfo = WhackAMole;
		};
		A11F0B271BBD99E100D26412 /* PBXContainerItemProxy */ = {
			isa = PBXContainerItemProxy;
			containerPortal = A11F0AFF1BBD99DF00D26412 /* Project object */;
			proxyType = 1;
			remoteGlobalIDString = A11F0B061BBD99DF00D26412;
			remoteInfo = WhackAMole;
		};
/* End PBXContainerItemProxy section */

/* Begin PBXFileReference section */
		A11F0B071BBD99DF00D26412 /* WhackAMole.app */ = {isa = PBXFileReference; explicitFileType = wrapper.application; includeInIndex = 0; path = WhackAMole.app; sourceTree = BUILT_PRODUCTS_DIR; };
		A11F0B0A1BBD99DF00D26412 /* AppDelegate.swift */ = {isa = PBXFileReference; lastKnownFileType = sourcecode.swift; path = AppDelegate.swift; sourceTree = "<group>"; };
		A11F0B0C1BBD99E000D26412 /* ViewController.swift */ = {isa = PBXFileReference; lastKnownFileType = sourcecode.swift; path = ViewController.swift; sourceTree = "<group>"; };
		A11F0B0F1BBD99E000D26412 /* Base */ = {isa = PBXFileReference; lastKnownFileType = file.storyboard; name = Base; path = Base.lproj/Main.storyboard; sourceTree = "<group>"; };
		A11F0B111BBD99E000D26412 /* Assets.xcassets */ = {isa = PBXFileReference; lastKnownFileType = folder.assetcatalog; path = Assets.xcassets; sourceTree = "<group>"; };
		A11F0B141BBD99E000D26412 /* Base */ = {isa = PBXFileReference; lastKnownFileType = file.storyboard; name = Base; path = Base.lproj/LaunchScreen.storyboard; sourceTree = "<group>"; };
		A11F0B161BBD99E000D26412 /* Info.plist */ = {isa = PBXFileReference; lastKnownFileType = text.plist.xml; path = Info.plist; sourceTree = "<group>"; };
		A11F0B1B1BBD99E100D26412 /* WhackAMoleTests.xctest */ = {isa = PBXFileReference; explicitFileType = wrapper.cfbundle; includeInIndex = 0; path = WhackAMoleTests.xctest; sourceTree = BUILT_PRODUCTS_DIR; };
		A11F0B1F1BBD99E100D26412 /* WhackAMoleTests.swift */ = {isa = PBXFileReference; lastKnownFileType = sourcecode.swift; path = WhackAMoleTests.swift; sourceTree = "<group>"; };
		A11F0B211BBD99E100D26412 /* Info.plist */ = {isa = PBXFileReference; lastKnownFileType = text.plist.xml; path = Info.plist; sourceTree = "<group>"; };
		A11F0B261BBD99E100D26412 /* WhackAMoleUITests.xctest */ = {isa = PBXFileReference; explicitFileType = wrapper.cfbundle; includeInIndex = 0; path = WhackAMoleUITests.xctest; sourceTree = BUILT_PRODUCTS_DIR; };
		A11F0B2A1BBD99E200D26412 /* WhackAMoleUITests.swift */ = {isa = PBXFileReference; lastKnownFileType = sourcecode.swift; path = WhackAMoleUITests.swift; sourceTree = "<group>"; };
		A11F0B2C1BBD99E200D26412 /* Info.plist */ = {isa = PBXFileReference; lastKnownFileType = text.plist.xml; path = Info.plist; sourceTree = "<group>"; };
/* End PBXFileReference section */

/* Begin PBXFrameworksBuildPhase section */
		A11F0B041BBD99DF00D26412 /* Frameworks */ = {
			isa = PBXFrameworksBuildPhase;
			buildActionMask = 2147483647;
			files = (
			);
			runOnlyForDeploymentPostprocessing = 0;
		};
		A11F0B181BBD99E100D26412 /* Frameworks */ = {
			isa = PBXFrameworksBuildPhase;
			buildActionMask = 2147483647;
			files = (
			);
			runOnlyForDeploymentPostprocessing = 0;
		};
		A11F0B231BBD99E100D26412 /* Frameworks */ = {
			isa = PBXFrameworksBuildPhase;
			buildActionMask = 2147483647;
			files = (
			);
			runOnlyForDeploymentPostprocessing = 0;
		};
/* End PBXFrameworksBuildPhase section */

/* Begin PBXGroup section */
		A11F0AFE1BBD99DF00D26412 = {
			isa = PBXGroup;
			children = (
				A11F0B091BBD99DF00D26412 /* WhackAMole */,
				A11F0B1E1BBD99E100D26412 /* WhackAMoleTests */,
				A11F0B291BBD99E100D26412 /* WhackAMoleUITests */,
				A11F0B081BBD99DF00D26412 /* Products */,
			);
			sourceTree = "<group>";
		};
		A11F0B081BBD99DF00D26412 /* Products */ = {
			isa = PBXGroup;
			children = (
				A11F0B071BBD99DF00D26412 /* WhackAMole.app */,
				A11F0B1B1BBD99E100D26412 /* WhackAMoleTests.xctest */,
				A11F0B261BBD99E100D26412 /* WhackAMoleUITests.xctest */,
			);
			name = Products;
			sourceTree = "<group>";
		};
		A11F0B091BBD99DF00D26412 /* WhackAMole */ = {
			isa = PBXGroup;
			children = (
				A11F0B0A1BBD99DF00D26412 /* AppDelegate.swift */,
				A11F0B0C1BBD99E000D26412 /* ViewController.swift */,
				A11F0B0E1BBD99E000D26412 /* Main.storyboard */,
				A11F0B111BBD99E000D26412 /* Assets.xcassets */,
				A11F0B131BBD99E000D26412 /* LaunchScreen.storyboard */,
				A11F0B161BBD99E000D26412 /* Info.plist */,
			);
			path = WhackAMole;
			sourceTree = "<group>";
		};
		A11F0B1E1BBD99E100D26412 /* WhackAMoleTests */ = {
			isa = PBXGroup;
			children = (
				A11F0B1F1BBD99E100D26412 /* WhackAMoleTests.swift */,
				A11F0B211BBD99E100D26412 /* Info.plist */,
			);
			path = WhackAMoleTests;
			sourceTree = "<group>";
		};
		A11F0B291BBD99E100D26412 /* WhackAMoleUITests */ = {
			isa = PBXGroup;
			children = (
				A11F0B2A1BBD99E200D26412 /* WhackAMoleUITests.swift */,
				A11F0B2C1BBD99E200D26412 /* Info.plist */,
			);
			path = WhackAMoleUITests;
			sourceTree = "<group>";
		};
/* End PBXGroup section */

/* Begin PBXNativeTarget section */
		A11F0B061BBD99DF00D26412 /* WhackAMole */ = {
			isa = PBXNativeTarget;
			buildConfigurationList = A11F0B2F1BBD99E200D26412 /* Build configuration list for PBXNativeTarget "WhackAMole" */;
			buildPhases = (
				A11F0B031BBD99DF00D26412 /* Sources */,
				A11F0B041BBD99DF00D26412 /* Frameworks */,
				A11F0B051BBD99DF00D26412 /* Resources */,
			);
			buildRules = (
			);
			dependencies = (
			);
			name = WhackAMole;
			productName = WhackAMole;
			productReference = A11F0B071BBD99DF00D26412 /* WhackAMole.app */;
			productType = "com.apple.product-type.application";
		};
		A11F0B1A1BBD99E100D26412 /* WhackAMoleTests */ = {
			isa = PBXNativeTarget;
			buildConfigurationList = A11F0B321BBD99E200D26412 /* Build configuration list for PBXNativeTarget "WhackAMoleTests" */;
			buildPhases = (
				A11F0B171BBD99E100D26412 /* Sources */,
				A11F0B181BBD99E100D26412 /* Frameworks */,
				A11F0B191BBD99E100D26412 /* Resources */,
			);
			buildRules = (
			);
			dependencies = (
				A11F0B1D1BBD99E100D26412 /* PBXTargetDependency */,
			);
			name = WhackAMoleTests;
			productName = WhackAMoleTests;
			productReference = A11F0B1B1BBD99E100D26412 /* WhackAMoleTests.xctest */;
			productType = "com.apple.product-type.bundle.unit-test";
		};
		A11F0B251BBD99E100D26412 /* WhackAMoleUITests */ = {
			isa = PBXNativeTarget;
			buildConfigurationList = A11F0B351BBD99E200D26412 /* Build configuration list for PBXNativeTarget "WhackAMoleUITests" */;
			buildPhases = (
				A11F0B221BBD99E100D26412 /* Sources */,
				A11F0B231BBD99E100D26412 /* Frameworks */,
				A11F0B241BBD99E100D26412 /* Resources */,
			);
			buildRules = (
			);
			dependencies = (
				A11F0B281BBD99E100D26412 /* PBXTargetDependency */,
			);
			name = WhackAMoleUITests;
			productName = WhackAMoleUITests;
			productReference = A11F0B261BBD99E100D26412 /* WhackAMoleUITests.xctest */;
			productType = "com.apple.product-type.bundle.ui-testing";
		};
/* End PBXNativeTarget section */

/* Begin PBXProject section */
		A11F0AFF1BBD99DF00D26412 /* Project object */ = {
			isa = PBXProject;
			attributes = {
				LastUpgradeCheck = 0700;
				ORGANIZATIONNAME = "Melissa Webster";
				TargetAttributes = {
					A11F0B061BBD99DF00D26412 = {
						CreatedOnToolsVersion = 7.0;
					};
					A11F0B1A1BBD99E100D26412 = {
						CreatedOnToolsVersion = 7.0;
						TestTargetID = A11F0B061BBD99DF00D26412;
					};
					A11F0B251BBD99E100D26412 = {
						CreatedOnToolsVersion = 7.0;
						TestTargetID = A11F0B061BBD99DF00D26412;
					};
				};
			};
			buildConfigurationList = A11F0B021BBD99DF00D26412 /* Build configuration list for PBXProject "WhackAMole" */;
			compatibilityVersion = "Xcode 3.2";
			developmentRegion = English;
			hasScannedForEncodings = 0;
			knownRegions = (
				en,
				Base,
			);
			mainGroup = A11F0AFE1BBD99DF00D26412;
			productRefGroup = A11F0B081BBD99DF00D26412 /* Products */;
			projectDirPath = "";
			projectRoot = "";
			targets = (
				A11F0B061BBD99DF00D26412 /* WhackAMole */,
				A11F0B1A1BBD99E100D26412 /* WhackAMoleTests */,
				A11F0B251BBD99E100D26412 /* WhackAMoleUITests */,
			);
		};
/* End PBXProject section */

/* Begin PBXResourcesBuildPhase section */
		A11F0B051BBD99DF00D26412 /* Resources */ = {
			isa = PBXResourcesBuildPhase;
			buildActionMask = 2147483647;
			files = (
				A11F0B151BBD99E000D26412 /* LaunchScreen.storyboard in Resources */,
				A11F0B121BBD99E000D26412 /* Assets.xcassets in Resources */,
				A11F0B101BBD99E000D26412 /* Main.storyboard in Resources */,
			);
			runOnlyForDeploymentPostprocessing = 0;
		};
		A11F0B191BBD99E100D26412 /* Resources */ = {
			isa = PBXResourcesBuildPhase;
			buildActionMask = 2147483647;
			files = (
			);
			runOnlyForDeploymentPostprocessing = 0;
		};
		A11F0B241BBD99E100D26412 /* Resources */ = {
			isa = PBXResourcesBuildPhase;
			buildActionMask = 2147483647;
			files = (
			);
			runOnlyForDeploymentPostprocessing = 0;
		};
/* End PBXResourcesBuildPhase section */

/* Begin PBXSourcesBuildPhase section */
		A11F0B031BBD99DF00D26412 /* Sources */ = {
			isa = PBXSourcesBuildPhase;
			buildActionMask = 2147483647;
			files = (
				A11F0B0D1BBD99E000D26412 /* ViewController.swift in Sources */,
				A11F0B0B1BBD99DF00D26412 /* AppDelegate.swift in Sources */,
			);
			runOnlyForDeploymentPostprocessing = 0;
		};
		A11F0B171BBD99E100D26412 /* Sources */ = {
			isa = PBXSourcesBuildPhase;
			buildActionMask = 2147483647;
			files = (
				A11F0B201BBD99E100D26412 /* WhackAMoleTests.swift in Sources */,
			);
			runOnlyForDeploymentPostprocessing = 0;
		};
		A11F0B221BBD99E100D26412 /* Sources */ = {
			isa = PBXSourcesBuildPhase;
			buildActionMask = 2147483647;
			files = (
				A11F0B2B1BBD99E200D26412 /* WhackAMoleUITests.swift in Sources */,
			);
			runOnlyForDeploymentPostprocessing = 0;
		};
/* End PBXSourcesBuildPhase section */

/* Begin PBXTargetDependency section */
		A11F0B1D1BBD99E100D26412 /* PBXTargetDependency */ = {
			isa = PBXTargetDependency;
			target = A11F0B061BBD99DF00D26412 /* WhackAMole */;
			targetProxy = A11F0B1C1BBD99E100D26412 /* PBXContainerItemProxy */;
		};
		A11F0B281BBD99E100D26412 /* PBXTargetDependency */ = {
			isa = PBXTargetDependency;
			target = A11F0B061BBD99DF00D26412 /* WhackAMole */;
			targetProxy = A11F0B271BBD99E100D26412 /* PBXContainerItemProxy */;
		};
/* End PBXTargetDependency section */

/* Begin PBXVariantGroup section */
		A11F0B0E1BBD99E000D26412 /* Main.storyboard */ = {
			isa = PBXVariantGroup;
			children = (
				A11F0B0F1BBD99E000D26412 /* Base */,
			);
			name = Main.storyboard;
			sourceTree = "<group>";
		};
		A11F0B131BBD99E000D26412 /* LaunchScreen.storyboard */ = {
			isa = PBXVariantGroup;
			children = (
				A11F0B141BBD99E000D26412 /* Base */,
			);
			name = LaunchScreen.storyboard;
			sourceTree = "<group>";
		};
/* End PBXVariantGroup section */

/* Begin XCBuildConfiguration section */
		A11F0B2D1BBD99E200D26412 /* Debug */ = {
			isa = XCBuildConfiguration;
			buildSettings = {
				ALWAYS_SEARCH_USER_PATHS = NO;
				CLANG_CXX_LANGUAGE_STANDARD = "gnu++0x";
				CLANG_CXX_LIBRARY = "libc++";
				CLANG_ENABLE_MODULES = YES;
				CLANG_ENABLE_OBJC_ARC = YES;
				CLANG_WARN_BOOL_CONVERSION = YES;
				CLANG_WARN_CONSTANT_CONVERSION = YES;
				CLANG_WARN_DIRECT_OBJC_ISA_USAGE = YES_ERROR;
				CLANG_WARN_EMPTY_BODY = YES;
				CLANG_WARN_ENUM_CONVERSION = YES;
				CLANG_WARN_INT_CONVERSION = YES;
				CLANG_WARN_OBJC_ROOT_CLASS = YES_ERROR;
				CLANG_WARN_UNREACHABLE_CODE = YES;
				CLANG_WARN__DUPLICATE_METHOD_MATCH = YES;
				"CODE_SIGN_IDENTITY[sdk=iphoneos*]" = "iPhone Developer";
				COPY_PHASE_STRIP = NO;
				DEBUG_INFORMATION_FORMAT = dwarf;
				ENABLE_STRICT_OBJC_MSGSEND = YES;
				ENABLE_TESTABILITY = YES;
				GCC_C_LANGUAGE_STANDARD = gnu99;
				GCC_DYNAMIC_NO_PIC = NO;
				GCC_NO_COMMON_BLOCKS = YES;
				GCC_OPTIMIZATION_LEVEL = 0;
				GCC_PREPROCESSOR_DEFINITIONS = (
					"DEBUG=1",
					"$(inherited)",
				);
				GCC_WARN_64_TO_32_BIT_CONVERSION = YES;
				GCC_WARN_ABOUT_RETURN_TYPE = YES_ERROR;
				GCC_WARN_UNDECLARED_SELECTOR = YES;
				GCC_WARN_UNINITIALIZED_AUTOS = YES_AGGRESSIVE;
				GCC_WARN_UNUSED_FUNCTION = YES;
				GCC_WARN_UNUSED_VARIABLE = YES;
				IPHONEOS_DEPLOYMENT_TARGET = 9.0;
				MTL_ENABLE_DEBUG_INFO = YES;
				ONLY_ACTIVE_ARCH = YES;
				SDKROOT = iphoneos;
				SWIFT_OPTIMIZATION_LEVEL = "-Onone";
			};
			name = Debug;
		};
		A11F0B2E1BBD99E200D26412 /* Release */ = {
			isa = XCBuildConfiguration;
			buildSettings = {
				ALWAYS_SEARCH_USER_PATHS = NO;
				CLANG_CXX_LANGUAGE_STANDARD = "gnu++0x";
				CLANG_CXX_LIBRARY = "libc++";
				CLANG_ENABLE_MODULES = YES;
				CLANG_ENABLE_OBJC_ARC = YES;
				CLANG_WARN_BOOL_CONVERSION = YES;
				CLANG_WARN_CONSTANT_CONVERSION = YES;
				CLANG_WARN_DIRECT_OBJC_ISA_USAGE = YES_ERROR;
				CLANG_WARN_EMPTY_BODY = YES;
				CLANG_WARN_ENUM_CONVERSION = YES;
				CLANG_WARN_INT_CONVERSION = YES;
				CLANG_WARN_OBJC_ROOT_CLASS = YES_ERROR;
				CLANG_WARN_UNREACHABLE_CODE = YES;
				CLANG_WARN__DUPLICATE_METHOD_MATCH = YES;
				"CODE_SIGN_IDENTITY[sdk=iphoneos*]" = "iPhone Developer";
				COPY_PHASE_STRIP = NO;
				DEBUG_INFORMATION_FORMAT = "dwarf-with-dsym";
				ENABLE_NS_ASSERTIONS = NO;
				ENABLE_STRICT_OBJC_MSGSEND = YES;
				GCC_C_LANGUAGE_STANDARD = gnu99;
				GCC_NO_COMMON_BLOCKS = YES;
				GCC_WARN_64_TO_32_BIT_CONVERSION = YES;
				GCC_WARN_ABOUT_RETURN_TYPE = YES_ERROR;
				GCC_WARN_UNDECLARED_SELECTOR = YES;
				GCC_WARN_UNINITIALIZED_AUTOS = YES_AGGRESSIVE;
				GCC_WARN_UNUSED_FUNCTION = YES;
				GCC_WARN_UNUSED_VARIABLE = YES;
				IPHONEOS_DEPLOYMENT_TARGET = 9.0;
				MTL_ENABLE_DEBUG_INFO = NO;
				SDKROOT = iphoneos;
				VALIDATE_PRODUCT = YES;
			};
			name = Release;
		};
		A11F0B301BBD99E200D26412 /* Debug */ = {
			isa = XCBuildConfiguration;
			buildSettings = {
				ASSETCATALOG_COMPILER_APPICON_NAME = AppIcon;
				INFOPLIST_FILE = WhackAMole/Info.plist;
				LD_RUNPATH_SEARCH_PATHS = "$(inherited) @executable_path/Frameworks";
				PRODUCT_BUNDLE_IDENTIFIER = com.MDWdev.WhackAMole;
				PRODUCT_NAME = "$(TARGET_NAME)";
			};
			name = Debug;
		};
		A11F0B311BBD99E200D26412 /* Release */ = {
			isa = XCBuildConfiguration;
			buildSettings = {
				ASSETCATALOG_COMPILER_APPICON_NAME = AppIcon;
				INFOPLIST_FILE = WhackAMole/Info.plist;
				LD_RUNPATH_SEARCH_PATHS = "$(inherited) @executable_path/Frameworks";
				PRODUCT_BUNDLE_IDENTIFIER = com.MDWdev.WhackAMole;
				PRODUCT_NAME = "$(TARGET_NAME)";
			};
			name = Release;
		};
		A11F0B331BBD99E200D26412 /* Debug */ = {
			isa = XCBuildConfiguration;
			buildSettings = {
				BUNDLE_LOADER = "$(TEST_HOST)";
				INFOPLIST_FILE = WhackAMoleTests/Info.plist;
				LD_RUNPATH_SEARCH_PATHS = "$(inherited) @executable_path/Frameworks @loader_path/Frameworks";
				PRODUCT_BUNDLE_IDENTIFIER = com.MDWdev.WhackAMoleTests;
				PRODUCT_NAME = "$(TARGET_NAME)";
				TEST_HOST = "$(BUILT_PRODUCTS_DIR)/WhackAMole.app/WhackAMole";
			};
			name = Debug;
		};
		A11F0B341BBD99E200D26412 /* Release */ = {
			isa = XCBuildConfiguration;
			buildSettings = {
				BUNDLE_LOADER = "$(TEST_HOST)";
				INFOPLIST_FILE = WhackAMoleTests/Info.plist;
				LD_RUNPATH_SEARCH_PATHS = "$(inherited) @executable_path/Frameworks @loader_path/Frameworks";
				PRODUCT_BUNDLE_IDENTIFIER = com.MDWdev.WhackAMoleTests;
				PRODUCT_NAME = "$(TARGET_NAME)";
				TEST_HOST = "$(BUILT_PRODUCTS_DIR)/WhackAMole.app/WhackAMole";
			};
			name = Release;
		};
		A11F0B361BBD99E200D26412 /* Debug */ = {
			isa = XCBuildConfiguration;
			buildSettings = {
				INFOPLIST_FILE = WhackAMoleUITests/Info.plist;
				LD_RUNPATH_SEARCH_PATHS = "$(inherited) @executable_path/Frameworks @loader_path/Frameworks";
				PRODUCT_BUNDLE_IDENTIFIER = com.MDWdev.WhackAMoleUITests;
				PRODUCT_NAME = "$(TARGET_NAME)";
				TEST_TARGET_NAME = WhackAMole;
				USES_XCTRUNNER = YES;
			};
			name = Debug;
		};
		A11F0B371BBD99E200D26412 /* Release */ = {
			isa = XCBuildConfiguration;
			buildSettings = {
				INFOPLIST_FILE = WhackAMoleUITests/Info.plist;
				LD_RUNPATH_SEARCH_PATHS = "$(inherited) @executable_path/Frameworks @loader_path/Frameworks";
				PRODUCT_BUNDLE_IDENTIFIER = com.MDWdev.WhackAMoleUITests;
				PRODUCT_NAME = "$(TARGET_NAME)";
				TEST_TARGET_NAME = WhackAMole;
				USES_XCTRUNNER = YES;
			};
			name = Release;
		};
/* End XCBuildConfiguration section */

/* Begin XCConfigurationList section */
		A11F0B021BBD99DF00D26412 /* Build configuration list for PBXProject "WhackAMole" */ = {
			isa = XCConfigurationList;
			buildConfigurations = (
				A11F0B2D1BBD99E200D26412 /* Debug */,
				A11F0B2E1BBD99E200D26412 /* Release */,
			);
			defaultConfigurationIsVisible = 0;
			defaultConfigurationName = Release;
		};
		A11F0B2F1BBD99E200D26412 /* Build configuration list for PBXNativeTarget "WhackAMole" */ = {
			isa = XCConfigurationList;
			buildConfigurations = (
				A11F0B301BBD99E200D26412 /* Debug */,
				A11F0B311BBD99E200D26412 /* Release */,
			);
			defaultConfigurationIsVisible = 0;
		};
		A11F0B321BBD99E200D26412 /* Build configuration list for PBXNativeTarget "WhackAMoleTests" */ = {
			isa = XCConfigurationList;
			buildConfigurations = (
				A11F0B331BBD99E200D26412 /* Debug */,
				A11F0B341BBD99E200D26412 /* Release */,
			);
			defaultConfigurationIsVisible = 0;
		};
		A11F0B351BBD99E200D26412 /* Build configuration list for PBXNativeTarget "WhackAMoleUITests" */ = {
			isa = XCConfigurationList;
			buildConfigurations = (
				A11F0B361BBD99E200D26412 /* Debug */,
				A11F0B371BBD99E200D26412 /* Release */,
			);
			defaultConfigurationIsVisible = 0;
		};
/* End XCConfigurationList section */
	};
	rootObject = A11F0AFF1BBD99DF00D26412 /* Project object */;
}
